// !$*UTF8*$!
{
	archiveVersion = 1;
	classes = {
	};
	objectVersion = 46;
	objects = {

/* Begin PBXBuildFile section */
		63793FA81CCE62480081E527 /* MorningGraph.cpp in Sources */ = {isa = PBXBuildFile; fileRef = 63793FA61CCE62480081E527 /* MorningGraph.cpp */; };
		63E116861CA184AA00376C10 /* NodeController.cpp in Sources */ = {isa = PBXBuildFile; fileRef = 63E116781CA184AA00376C10 /* NodeController.cpp */; };
		63E116871CA184AA00376C10 /* NodeRunner.cpp in Sources */ = {isa = PBXBuildFile; fileRef = 63E1167A1CA184AA00376C10 /* NodeRunner.cpp */; };
		63E116881CA184AA00376C10 /* ArrayNode.cpp in Sources */ = {isa = PBXBuildFile; fileRef = 63E1167C1CA184AA00376C10 /* ArrayNode.cpp */; };
		63E116891CA184AA00376C10 /* CTECArray.cpp in Sources */ = {isa = PBXBuildFile; fileRef = 63E1167E1CA184AA00376C10 /* CTECArray.cpp */; };
		63E1168A1CA184AA00376C10 /* CTECList.cpp in Sources */ = {isa = PBXBuildFile; fileRef = 63E116801CA184AA00376C10 /* CTECList.cpp */; };
		63E1168B1CA184AA00376C10 /* Node.cpp in Sources */ = {isa = PBXBuildFile; fileRef = 63E116821CA184AA00376C10 /* Node.cpp */; };
		63E1168C1CA184AA00376C10 /* Timer.cpp in Sources */ = {isa = PBXBuildFile; fileRef = 63E116841CA184AA00376C10 /* Timer.cpp */; };
		63F7AA6E1CBE8B9E00194FB8 /* TreeNode.cpp in Sources */ = {isa = PBXBuildFile; fileRef = 63F7AA6C1CBE8B9E00194FB8 /* TreeNode.cpp */; };
		63F7AA711CBE90B700194FB8 /* CTECBinaryTree.cpp in Sources */ = {isa = PBXBuildFile; fileRef = 63F7AA6F1CBE90B700194FB8 /* CTECBinaryTree.cpp */; };
/* End PBXBuildFile section */

/* Begin PBXCopyFilesBuildPhase section */
		63E1166B1CA1848900376C10 /* CopyFiles */ = {
			isa = PBXCopyFilesBuildPhase;
			buildActionMask = 2147483647;
			dstPath = /usr/share/man/man1/;
			dstSubfolderSpec = 0;
			files = (
			);
			runOnlyForDeploymentPostprocessing = 1;
		};
/* End PBXCopyFilesBuildPhase section */

/* Begin PBXFileReference section */
		63793FA61CCE62480081E527 /* MorningGraph.cpp */ = {isa = PBXFileReference; fileEncoding = 4; lastKnownFileType = sourcecode.cpp.cpp; path = MorningGraph.cpp; sourceTree = "<group>"; };
		63793FA71CCE62480081E527 /* MorningGraph.hpp */ = {isa = PBXFileReference; fileEncoding = 4; lastKnownFileType = sourcecode.cpp.h; path = MorningGraph.hpp; sourceTree = "<group>"; };
		63E1166D1CA1848900376C10 /* Nodes */ = {isa = PBXFileReference; explicitFileType = "compiled.mach-o.executable"; includeInIndex = 0; path = Nodes; sourceTree = BUILT_PRODUCTS_DIR; };
		63E116781CA184AA00376C10 /* NodeController.cpp */ = {isa = PBXFileReference; fileEncoding = 4; lastKnownFileType = sourcecode.cpp.cpp; path = NodeController.cpp; sourceTree = "<group>"; };
		63E116791CA184AA00376C10 /* NodeController.h */ = {isa = PBXFileReference; fileEncoding = 4; lastKnownFileType = sourcecode.c.h; path = NodeController.h; sourceTree = "<group>"; };
		63E1167A1CA184AA00376C10 /* NodeRunner.cpp */ = {isa = PBXFileReference; fileEncoding = 4; lastKnownFileType = sourcecode.cpp.cpp; path = NodeRunner.cpp; sourceTree = "<group>"; };
		63E1167C1CA184AA00376C10 /* ArrayNode.cpp */ = {isa = PBXFileReference; fileEncoding = 4; lastKnownFileType = sourcecode.cpp.cpp; path = ArrayNode.cpp; sourceTree = "<group>"; };
		63E1167D1CA184AA00376C10 /* ArrayNode.h */ = {isa = PBXFileReference; fileEncoding = 4; lastKnownFileType = sourcecode.c.h; path = ArrayNode.h; sourceTree = "<group>"; };
		63E1167E1CA184AA00376C10 /* CTECArray.cpp */ = {isa = PBXFileReference; fileEncoding = 4; lastKnownFileType = sourcecode.cpp.cpp; path = CTECArray.cpp; sourceTree = "<group>"; };
		63E1167F1CA184AA00376C10 /* CTECArray.h */ = {isa = PBXFileReference; fileEncoding = 4; lastKnownFileType = sourcecode.c.h; path = CTECArray.h; sourceTree = "<group>"; };
		63E116801CA184AA00376C10 /* CTECList.cpp */ = {isa = PBXFileReference; fileEncoding = 4; lastKnownFileType = sourcecode.cpp.cpp; path = CTECList.cpp; sourceTree = "<group>"; };
		63E116811CA184AA00376C10 /* CTECList.h */ = {isa = PBXFileReference; fileEncoding = 4; lastKnownFileType = sourcecode.c.h; path = CTECList.h; sourceTree = "<group>"; };
		63E116821CA184AA00376C10 /* Node.cpp */ = {isa = PBXFileReference; fileEncoding = 4; lastKnownFileType = sourcecode.cpp.cpp; path = Node.cpp; sourceTree = "<group>"; };
		63E116831CA184AA00376C10 /* Node.h */ = {isa = PBXFileReference; fileEncoding = 4; lastKnownFileType = sourcecode.c.h; path = Node.h; sourceTree = "<group>"; };
		63E116841CA184AA00376C10 /* Timer.cpp */ = {isa = PBXFileReference; fileEncoding = 4; lastKnownFileType = sourcecode.cpp.cpp; path = Timer.cpp; sourceTree = "<group>"; };
		63E116851CA184AA00376C10 /* Timer.h */ = {isa = PBXFileReference; fileEncoding = 4; lastKnownFileType = sourcecode.c.h; path = Timer.h; sourceTree = "<group>"; };
		63F7AA6C1CBE8B9E00194FB8 /* TreeNode.cpp */ = {isa = PBXFileReference; fileEncoding = 4; lastKnownFileType = sourcecode.cpp.cpp; path = TreeNode.cpp; sourceTree = "<group>"; };
		63F7AA6D1CBE8B9E00194FB8 /* TreeNode.hpp */ = {isa = PBXFileReference; fileEncoding = 4; lastKnownFileType = sourcecode.cpp.h; path = TreeNode.hpp; sourceTree = "<group>"; };
		63F7AA6F1CBE90B700194FB8 /* CTECBinaryTree.cpp */ = {isa = PBXFileReference; fileEncoding = 4; lastKnownFileType = sourcecode.cpp.cpp; path = CTECBinaryTree.cpp; sourceTree = "<group>"; };
		63F7AA701CBE90B700194FB8 /* CTECBinaryTree.hpp */ = {isa = PBXFileReference; fileEncoding = 4; lastKnownFileType = sourcecode.cpp.h; path = CTECBinaryTree.hpp; sourceTree = "<group>"; };
/* End PBXFileReference section */

/* Begin PBXFrameworksBuildPhase section */
		63E1166A1CA1848900376C10 /* Frameworks */ = {
			isa = PBXFrameworksBuildPhase;
			buildActionMask = 2147483647;
			files = (
			);
			runOnlyForDeploymentPostprocessing = 0;
		};
/* End PBXFrameworksBuildPhase section */

/* Begin PBXGroup section */
		63E116641CA1848900376C10 = {
			isa = PBXGroup;
			children = (
				63E116771CA184AA00376C10 /* Controller */,
				63E1167B1CA184AA00376C10 /* Model */,
				63E1166E1CA1848900376C10 /* Products */,
			);
			sourceTree = "<group>";
		};
		63E1166E1CA1848900376C10 /* Products */ = {
			isa = PBXGroup;
			children = (
				63E1166D1CA1848900376C10 /* Nodes */,
			);
			name = Products;
			sourceTree = "<group>";
		};
		63E116771CA184AA00376C10 /* Controller */ = {
			isa = PBXGroup;
			children = (
				63E116781CA184AA00376C10 /* NodeController.cpp */,
				63E116791CA184AA00376C10 /* NodeController.h */,
				63E1167A1CA184AA00376C10 /* NodeRunner.cpp */,
			);
			path = Controller;
			sourceTree = "<group>";
		};
		63E1167B1CA184AA00376C10 /* Model */ = {
			isa = PBXGroup;
			children = (
				63E1167C1CA184AA00376C10 /* ArrayNode.cpp */,
				63E1167D1CA184AA00376C10 /* ArrayNode.h */,
				63E1167E1CA184AA00376C10 /* CTECArray.cpp */,
				63E1167F1CA184AA00376C10 /* CTECArray.h */,
				63E116801CA184AA00376C10 /* CTECList.cpp */,
				63E116811CA184AA00376C10 /* CTECList.h */,
				63E116821CA184AA00376C10 /* Node.cpp */,
				63E116831CA184AA00376C10 /* Node.h */,
				63E116841CA184AA00376C10 /* Timer.cpp */,
				63E116851CA184AA00376C10 /* Timer.h */,
				63F7AA6C1CBE8B9E00194FB8 /* TreeNode.cpp */,
				63F7AA6D1CBE8B9E00194FB8 /* TreeNode.hpp */,
				63F7AA6F1CBE90B700194FB8 /* CTECBinaryTree.cpp */,
				63F7AA701CBE90B700194FB8 /* CTECBinaryTree.hpp */,
				63793FA61CCE62480081E527 /* MorningGraph.cpp */,
				63793FA71CCE62480081E527 /* MorningGraph.hpp */,
			);
			path = Model;
			sourceTree = "<group>";
		};
/* End PBXGroup section */

/* Begin PBXNativeTarget section */
		63E1166C1CA1848900376C10 /* Nodes */ = {
			isa = PBXNativeTarget;
			buildConfigurationList = 63E116741CA1848900376C10 /* Build configuration list for PBXNativeTarget "Nodes" */;
			buildPhases = (
				63E116691CA1848900376C10 /* Sources */,
				63E1166A1CA1848900376C10 /* Frameworks */,
				63E1166B1CA1848900376C10 /* CopyFiles */,
			);
			buildRules = (
			);
			dependencies = (
			);
			name = Nodes;
			productName = Nodes;
			productReference = 63E1166D1CA1848900376C10 /* Nodes */;
			productType = "com.apple.product-type.tool";
		};
/* End PBXNativeTarget section */

/* Begin PBXProject section */
		63E116651CA1848900376C10 /* Project object */ = {
			isa = PBXProject;
			attributes = {
				LastUpgradeCheck = 0720;
				ORGANIZATIONNAME = "Sadlier, Christina";
				TargetAttributes = {
					63E1166C1CA1848900376C10 = {
						CreatedOnToolsVersion = 7.2;
					};
				};
			};
			buildConfigurationList = 63E116681CA1848900376C10 /* Build configuration list for PBXProject "Nodes" */;
			compatibilityVersion = "Xcode 3.2";
			developmentRegion = English;
			hasScannedForEncodings = 0;
			knownRegions = (
				en,
			);
			mainGroup = 63E116641CA1848900376C10;
			productRefGroup = 63E1166E1CA1848900376C10 /* Products */;
			projectDirPath = "";
			projectRoot = "";
			targets = (
				63E1166C1CA1848900376C10 /* Nodes */,
			);
		};
/* End PBXProject section */

/* Begin PBXSourcesBuildPhase section */
		63E116691CA1848900376C10 /* Sources */ = {
			isa = PBXSourcesBuildPhase;
			buildActionMask = 2147483647;
			files = (
				63E1168B1CA184AA00376C10 /* Node.cpp in Sources */,
				63E116861CA184AA00376C10 /* NodeController.cpp in Sources */,
				63E1168C1CA184AA00376C10 /* Timer.cpp in Sources */,
				63F7AA6E1CBE8B9E00194FB8 /* TreeNode.cpp in Sources */,
				63E116871CA184AA00376C10 /* NodeRunner.cpp in Sources */,
				63E116881CA184AA00376C10 /* ArrayNode.cpp in Sources */,
				63F7AA711CBE90B700194FB8 /* CTECBinaryTree.cpp in Sources */,
				63E1168A1CA184AA00376C10 /* CTECList.cpp in Sources */,
				63793FA81CCE62480081E527 /* MorningGraph.cpp in Sources */,
				63E116891CA184AA00376C10 /* CTECArray.cpp in Sources */,
			);
			runOnlyForDeploymentPostprocessing = 0;
		};
/* End PBXSourcesBuildPhase section */

/* Begin XCBuildConfiguration section */
		63E116721CA1848900376C10 /* Debug */ = {
			isa = XCBuildConfiguration;
			buildSettings = {
				ALWAYS_SEARCH_USER_PATHS = NO;
				CLANG_CXX_LANGUAGE_STANDARD = "gnu++0x";
				CLANG_CXX_LIBRARY = "libc++";
				CLANG_ENABLE_MODULES = YES;
				CLANG_ENABLE_OBJC_ARC = YES;
				CLANG_WARN_BOOL_CONVERSION = YES;
				CLANG_WARN_CONSTANT_CONVERSION = YES;
				CLANG_WARN_DIRECT_OBJC_ISA_USAGE = YES_ERROR;
				CLANG_WARN_EMPTY_BODY = YES;
				CLANG_WARN_ENUM_CONVERSION = YES;
				CLANG_WARN_INT_CONVERSION = YES;
				CLANG_WARN_OBJC_ROOT_CLASS = YES_ERROR;
				CLANG_WARN_UNREACHABLE_CODE = YES;
				CLANG_WARN__DUPLICATE_METHOD_MATCH = YES;
				CODE_SIGN_IDENTITY = "-";
				COPY_PHASE_STRIP = NO;
				DEBUG_INFORMATION_FORMAT = dwarf;
				ENABLE_STRICT_OBJC_MSGSEND = YES;
				ENABLE_TESTABILITY = YES;
				GCC_C_LANGUAGE_STANDARD = gnu99;
				GCC_DYNAMIC_NO_PIC = NO;
				GCC_NO_COMMON_BLOCKS = YES;
				GCC_OPTIMIZATION_LEVEL = 0;
				GCC_PREPROCESSOR_DEFINITIONS = (
					"DEBUG=1",
					"$(inherited)",
				);
				GCC_WARN_64_TO_32_BIT_CONVERSION = YES;
				GCC_WARN_ABOUT_RETURN_TYPE = YES_ERROR;
				GCC_WARN_UNDECLARED_SELECTOR = YES;
				GCC_WARN_UNINITIALIZED_AUTOS = YES_AGGRESSIVE;
				GCC_WARN_UNUSED_FUNCTION = YES;
				GCC_WARN_UNUSED_VARIABLE = YES;
				MACOSX_DEPLOYMENT_TARGET = 10.10;
				MTL_ENABLE_DEBUG_INFO = YES;
				ONLY_ACTIVE_ARCH = YES;
				SDKROOT = macosx;
			};
			name = Debug;
		};
		63E116731CA1848900376C10 /* Release */ = {
			isa = XCBuildConfiguration;
			buildSettings = {
				ALWAYS_SEARCH_USER_PATHS = NO;
				CLANG_CXX_LANGUAGE_STANDARD = "gnu++0x";
				CLANG_CXX_LIBRARY = "libc++";
				CLANG_ENABLE_MODULES = YES;
				CLANG_ENABLE_OBJC_ARC = YES;
				CLANG_WARN_BOOL_CONVERSION = YES;
				CLANG_WARN_CONSTANT_CONVERSION = YES;
				CLANG_WARN_DIRECT_OBJC_ISA_USAGE = YES_ERROR;
				CLANG_WARN_EMPTY_BODY = YES;
				CLANG_WARN_ENUM_CONVERSION = YES;
				CLANG_WARN_INT_CONVERSION = YES;
				CLANG_WARN_OBJC_ROOT_CLASS = YES_ERROR;
				CLANG_WARN_UNREACHABLE_CODE = YES;
				CLANG_WARN__DUPLICATE_METHOD_MATCH = YES;
				CODE_SIGN_IDENTITY = "-";
				COPY_PHASE_STRIP = NO;
				DEBUG_INFORMATION_FORMAT = "dwarf-with-dsym";
				ENABLE_NS_ASSERTIONS = NO;
				ENABLE_STRICT_OBJC_MSGSEND = YES;
				GCC_C_LANGUAGE_STANDARD = gnu99;
				GCC_NO_COMMON_BLOCKS = YES;
				GCC_WARN_64_TO_32_BIT_CONVERSION = YES;
				GCC_WARN_ABOUT_RETURN_TYPE = YES_ERROR;
				GCC_WARN_UNDECLARED_SELECTOR = YES;
				GCC_WARN_UNINITIALIZED_AUTOS = YES_AGGRESSIVE;
				GCC_WARN_UNUSED_FUNCTION = YES;
				GCC_WARN_UNUSED_VARIABLE = YES;
				MACOSX_DEPLOYMENT_TARGET = 10.10;
				MTL_ENABLE_DEBUG_INFO = NO;
				SDKROOT = macosx;
			};
			name = Release;
		};
		63E116751CA1848900376C10 /* Debug */ = {
			isa = XCBuildConfiguration;
			buildSettings = {
				PRODUCT_NAME = "$(TARGET_NAME)";
			};
			name = Debug;
		};
		63E116761CA1848900376C10 /* Release */ = {
			isa = XCBuildConfiguration;
			buildSettings = {
				PRODUCT_NAME = "$(TARGET_NAME)";
			};
			name = Release;
		};
/* End XCBuildConfiguration section */

/* Begin XCConfigurationList section */
		63E116681CA1848900376C10 /* Build configuration list for PBXProject "Nodes" */ = {
			isa = XCConfigurationList;
			buildConfigurations = (
				63E116721CA1848900376C10 /* Debug */,
				63E116731CA1848900376C10 /* Release */,
			);
			defaultConfigurationIsVisible = 0;
			defaultConfigurationName = Release;
		};
		63E116741CA1848900376C10 /* Build configuration list for PBXNativeTarget "Nodes" */ = {
			isa = XCConfigurationList;
			buildConfigurations = (
				63E116751CA1848900376C10 /* Debug */,
				63E116761CA1848900376C10 /* Release */,
			);
			defaultConfigurationIsVisible = 0;
			defaultConfigurationName = Release;
		};
/* End XCConfigurationList section */
	};
	rootObject = 63E116651CA1848900376C10 /* Project object */;
}
